
Microsoft Visual Studio Solution File, Format Version 12.00
# Visual Studio 14
VisualStudioVersion = 14.0.22310.1
MinimumVisualStudioVersion = 10.0.40219.1
Project("{2150E333-8FDC-42A3-9474-1A3956D46DE8}") = "Engine", "Engine", "{638A111E-BC91-4629-88F3-90D3D0135E2D}"
EndProject
Project("{2150E333-8FDC-42A3-9474-1A3956D46DE8}") = "Games", "Games", "{ED293FE6-77E1-4948-9C26-243A995F1ACB}"
EndProject
Project("{8BC9CEB8-8B4A-11D0-8D11-00A0C91BC942}") = "UE4", "Intermediate\ProjectFiles\UE4.vcxproj", "{2178A68E-2C4F-4CC4-97FA-9A42AB1E4194}"
EndProject
Project("{8BC9CEB8-8B4A-11D0-8D11-00A0C91BC942}") = "TestingGrounds", "Intermediate\ProjectFiles\TestingGrounds.vcxproj", "{DBB5D1DA-6B3E-4F73-9865-137B52491049}"
EndProject
Global
	GlobalSection(SolutionConfigurationPlatforms) = preSolution
		DebugGame Editor|HTML5 = DebugGame Editor|HTML5
		DebugGame Editor|Win32 = DebugGame Editor|Win32
		DebugGame Editor|Win64 = DebugGame Editor|Win64
		DebugGame|HTML5 = DebugGame|HTML5
		DebugGame|Win32 = DebugGame|Win32
		DebugGame|Win64 = DebugGame|Win64
		Development Editor|HTML5 = Development Editor|HTML5
		Development Editor|Win32 = Development Editor|Win32
		Development Editor|Win64 = Development Editor|Win64
		Development|HTML5 = Development|HTML5
		Development|Win32 = Development|Win32
		Development|Win64 = Development|Win64
		Shipping|HTML5 = Shipping|HTML5
		Shipping|Win32 = Shipping|Win32
		Shipping|Win64 = Shipping|Win64
	EndGlobalSection
	GlobalSection(ProjectConfigurationPlatforms) = postSolution
		{DBB5D1DA-6B3E-4F73-9865-137B52491049}.DebugGame Editor|HTML5.ActiveCfg = HTML5_DebugGame_Editor|Win32
		{DBB5D1DA-6B3E-4F73-9865-137B52491049}.DebugGame Editor|Win32.ActiveCfg = DebugGame_Editor|Win32
		{DBB5D1DA-6B3E-4F73-9865-137B52491049}.DebugGame Editor|Win64.ActiveCfg = DebugGame_Editor|x64
		{DBB5D1DA-6B3E-4F73-9865-137B52491049}.DebugGame Editor|Win64.Build.0 = DebugGame_Editor|x64
		{DBB5D1DA-6B3E-4F73-9865-137B52491049}.DebugGame|HTML5.ActiveCfg = HTML5_DebugGame_Game|Win32
		{DBB5D1DA-6B3E-4F73-9865-137B52491049}.DebugGame|HTML5.Build.0 = HTML5_DebugGame_Game|Win32
		{DBB5D1DA-6B3E-4F73-9865-137B52491049}.DebugGame|Win32.ActiveCfg = DebugGame_Game|Win32
		{DBB5D1DA-6B3E-4F73-9865-137B52491049}.DebugGame|Win32.Build.0 = DebugGame_Game|Win32
		{DBB5D1DA-6B3E-4F73-9865-137B52491049}.DebugGame|Win64.ActiveCfg = DebugGame_Game|x64
		{DBB5D1DA-6B3E-4F73-9865-137B52491049}.DebugGame|Win64.Build.0 = DebugGame_Game|x64
		{DBB5D1DA-6B3E-4F73-9865-137B52491049}.Development Editor|HTML5.ActiveCfg = HTML5_Development_Editor|Win32
		{DBB5D1DA-6B3E-4F73-9865-137B52491049}.Development Editor|Win32.ActiveCfg = Development_Editor|Win32
		{DBB5D1DA-6B3E-4F73-9865-137B52491049}.Development Editor|Win64.ActiveCfg = Development_Editor|x64
		{DBB5D1DA-6B3E-4F73-9865-137B52491049}.Development Editor|Win64.Build.0 = Development_Editor|x64
		{DBB5D1DA-6B3E-4F73-9865-137B52491049}.Development|HTML5.ActiveCfg = HTML5_Development_Game|Win32
		{DBB5D1DA-6B3E-4F73-9865-137B52491049}.Development|HTML5.Build.0 = HTML5_Development_Game|Win32
		{DBB5D1DA-6B3E-4F73-9865-137B52491049}.Development|Win32.ActiveCfg = Development_Game|Win32
		{DBB5D1DA-6B3E-4F73-9865-137B52491049}.Development|Win32.Build.0 = Development_Game|Win32
		{DBB5D1DA-6B3E-4F73-9865-137B52491049}.Development|Win64.ActiveCfg = Development_Game|x64
		{DBB5D1DA-6B3E-4F73-9865-137B52491049}.Development|Win64.Build.0 = Development_Game|x64
		{DBB5D1DA-6B3E-4F73-9865-137B52491049}.Shipping|HTML5.ActiveCfg = HTML5_Shipping_Game|Win32
		{DBB5D1DA-6B3E-4F73-9865-137B52491049}.Shipping|HTML5.Build.0 = HTML5_Shipping_Game|Win32
		{DBB5D1DA-6B3E-4F73-9865-137B52491049}.Shipping|Win32.ActiveCfg = Shipping_Game|Win32
		{DBB5D1DA-6B3E-4F73-9865-137B52491049}.Shipping|Win32.Build.0 = Shipping_Game|Win32
		{DBB5D1DA-6B3E-4F73-9865-137B52491049}.Shipping|Win64.ActiveCfg = Shipping_Game|x64
		{DBB5D1DA-6B3E-4F73-9865-137B52491049}.Shipping|Win64.Build.0 = Shipping_Game|x64
	EndGlobalSection
	GlobalSection(SolutionProperties) = preSolution
		HideSolutionNode = FALSE
	EndGlobalSection
	GlobalSection(NestedProjects) = preSolution
		{2178A68E-2C4F-4CC4-97FA-9A42AB1E4194} = {638A111E-BC91-4629-88F3-90D3D0135E2D}
		{DBB5D1DA-6B3E-4F73-9865-137B52491049} = {ED293FE6-77E1-4948-9C26-243A995F1ACB}
	EndGlobalSection
EndGlobal
